{
  "name": "myfend",
  "version": "1.0.0",
  "lockfileVersion": 2,
  "requires": true,
  "packages": {
    "": {
      "name": "myfend",
      "version": "1.0.0",
      "license": "ISC",
      "devDependencies": {
        "@openzeppelin/contracts": "^4.8.2",
        "dotenv": "^16.0.3"
      }
    },
    "node_modules/@openzeppelin/contracts": {
      "version": "4.8.2",
      "resolved": "https://registry.npmjs.org/@openzeppelin/contracts/-/contracts-4.8.2.tgz",
      "integrity": "sha512-kEUOgPQszC0fSYWpbh2kT94ltOJwj1qfT2DWo+zVttmGmf97JZ99LspePNaeeaLhCImaHVeBbjaQFZQn7+Zc5g==",
      "dev": true
    },
    "node_modules/dotenv": {
      "version": "16.0.3",
      "resolved": "https://registry.npmjs.org/dotenv/-/dotenv-16.0.3.tgz",
      "integrity": "sha512-7GO6HghkA5fYG9TYnNxi14/7K9f5occMlp3zXAuSxn7CKCxt9xbNWG7yF8hTCSUchlfWSe3uLmlPfigevRItzQ==",
      "dev": true,
      "engines": {
        "node": ">=12"
      }
    }
  },
  "dependencies": {
    "@openzeppelin/contracts": {
      "version": "4.8.2",
      "resolved": "https://registry.npmjs.org/@openzeppelin/contracts/-/contracts-4.8.2.tgz",
      "integrity": "sha512-kEUOgPQszC0fSYWpbh2kT94ltOJwj1qfT2DWo+zVttmGmf97JZ99LspePNaeeaLhCImaHVeBbjaQFZQn7+Zc5g==",
      "dev": true
    },
    "dotenv": {
      "version": "16.0.3",
      "resolved": "https://registry.npmjs.org/dotenv/-/dotenv-16.0.3.tgz",
      "integrity": "sha512-7GO6HghkA5fYG9TYnNxi14/7K9f5occMlp3zXAuSxn7CKCxt9xbNWG7yF8hTCSUchlfWSe3uLmlPfigevRItzQ==",
      "dev": true
    }
  }
}
